
Microsoft Visual Studio Solution File, Format Version 12.00
# Visual Studio 15
VisualStudioVersion = 15.0.27703.2042
MinimumVisualStudioVersion = 10.0.40219.1
Project("{FAE04EC0-301F-11D3-BF4B-00C04F79EFBC}") = "Binding", "Binding\Binding.csproj", "{318D14BC-5D5C-4136-847B-953D2D730114}"
EndProject
Global
	GlobalSection(SolutionConfigurationPlatforms) = preSolution
		Debug|Any CPU = Debug|Any CPU
		Release|Any CPU = Release|Any CPU
	EndGlobalSection
	GlobalSection(ProjectConfigurationPlatforms) = postSolution
		{318D14BC-5D5C-4136-847B-953D2D730114}.Debug|Any CPU.ActiveCfg = Debug|Any CPU
		{318D14BC-5D5C-4136-847B-953D2D730114}.Debug|Any CPU.Build.0 = Debug|Any CPU
		{318D14BC-5D5C-4136-847B-953D2D730114}.Release|Any CPU.ActiveCfg = Release|Any CPU
		{318D14BC-5D5C-4136-847B-953D2D730114}.Release|Any CPU.Build.0 = Release|Any CPU
	EndGlobalSection
	GlobalSection(SolutionProperties) = preSolution
		HideSolutionNode = FALSE
	EndGlobalSection
	GlobalSection(ExtensibilityGlobals) = postSolution
		SolutionGuid = {A973AE49-01E7-4640-86DB-04DF5A17FB6D}
	EndGlobalSection
EndGlobal
